
Microsoft Visual Studio Solution File, Format Version 12.00
# Visual Studio 15
VisualStudioVersion = 15.0.27004.2010
MinimumVisualStudioVersion = 10.0.40219.1
Project("{8BC9CEB8-8B4A-11D0-8D11-00A0C91BC942}") = "Laba 4 predprinimatel", "Laba 4 predprinimatel\Laba 4 predprinimatel.vcxproj", "{E87C8EFB-BD06-4EA0-9483-D3C0F2F2CB71}"
EndProject
Global
	GlobalSection(SolutionConfigurationPlatforms) = preSolution
		Debug|x64 = Debug|x64
		Debug|x86 = Debug|x86
		Release|x64 = Release|x64
		Release|x86 = Release|x86
	EndGlobalSection
	GlobalSection(ProjectConfigurationPlatforms) = postSolution
		{E87C8EFB-BD06-4EA0-9483-D3C0F2F2CB71}.Debug|x64.ActiveCfg = Debug|x64
		{E87C8EFB-BD06-4EA0-9483-D3C0F2F2CB71}.Debug|x64.Build.0 = Debug|x64
		{E87C8EFB-BD06-4EA0-9483-D3C0F2F2CB71}.Debug|x86.ActiveCfg = Debug|Win32
		{E87C8EFB-BD06-4EA0-9483-D3C0F2F2CB71}.Debug|x86.Build.0 = Debug|Win32
		{E87C8EFB-BD06-4EA0-9483-D3C0F2F2CB71}.Release|x64.ActiveCfg = Release|x64
		{E87C8EFB-BD06-4EA0-9483-D3C0F2F2CB71}.Release|x64.Build.0 = Release|x64
		{E87C8EFB-BD06-4EA0-9483-D3C0F2F2CB71}.Release|x86.ActiveCfg = Release|Win32
		{E87C8EFB-BD06-4EA0-9483-D3C0F2F2CB71}.Release|x86.Build.0 = Release|Win32
	EndGlobalSection
	GlobalSection(SolutionProperties) = preSolution
		HideSolutionNode = FALSE
	EndGlobalSection
	GlobalSection(ExtensibilityGlobals) = postSolution
		SolutionGuid = {B68BE539-BF94-4BBE-ABB0-7E8B3D7FC568}
	EndGlobalSection
EndGlobal
